
Microsoft Visual Studio Solution File, Format Version 12.00
# Visual Studio Version 17
VisualStudioVersion = 17.14.36301.6 d17.14
MinimumVisualStudioVersion = 10.0.40219.1
Project("{FAE04EC0-301F-11D3-BF4B-00C04F79EFBC}") = "Asp_Suqia", "Asp_Suqia\Asp_Suqia.csproj", "{0AEB063F-6A07-4F93-B19A-C2542B118540}"
EndProject
Global
	GlobalSection(SolutionConfigurationPlatforms) = preSolution
		Debug|Any CPU = Debug|Any CPU
		Release|Any CPU = Release|Any CPU
	EndGlobalSection
	GlobalSection(ProjectConfigurationPlatforms) = postSolution
		{0AEB063F-6A07-4F93-B19A-C2542B118540}.Debug|Any CPU.ActiveCfg = Debug|Any CPU
		{0AEB063F-6A07-4F93-B19A-C2542B118540}.Debug|Any CPU.Build.0 = Debug|Any CPU
		{0AEB063F-6A07-4F93-B19A-C2542B118540}.Release|Any CPU.ActiveCfg = Release|Any CPU
		{0AEB063F-6A07-4F93-B19A-C2542B118540}.Release|Any CPU.Build.0 = Release|Any CPU
	EndGlobalSection
	GlobalSection(SolutionProperties) = preSolution
		HideSolutionNode = FALSE
	EndGlobalSection
	GlobalSection(ExtensibilityGlobals) = postSolution
		SolutionGuid = {F970C66F-4C62-4675-A28B-61578D3CE210}
	EndGlobalSection
EndGlobal
